{
  "name": "IntegrationsForbilleder",
  "version": "1.0.0",
  "lockfileVersion": 1,
  "requires": true,
  "dependencies": {
    "bootstrap.native": {
      "version": "2.0.24",
      "resolved": "https://registry.npmjs.org/bootstrap.native/-/bootstrap.native-2.0.24.tgz",
      "integrity": "sha512-yJZNOE9i3W7/yWtidaPGYDRMs5cyOn5W08jfyOV5e4DRm8APF8BiEkEZDsu3xtrNm/fBzUIf+K+u4Qs1qadjxw=="
    }
  }
}
